PODS:
  - HWCyclePics (0.1.0):
    - SDWebImage
  - SDWebImage (4.4.6):
    - SDWebImage/Core (= 4.4.6)
  - SDWebImage/Core (4.4.6)

DEPENDENCIES:
  - HWCyclePics (from `../`)

SPEC REPOS:
  https://github.com/cocoapods/specs.git:
    - SDWebImage

EXTERNAL SOURCES:
  HWCyclePics:
    :path: "../"

SPEC CHECKSUMS:
  HWCyclePics: 4b59442666b278bdfaf97a80b68c389196718311
  SDWebImage: 3f3f0c02f09798048c47a5ed0a13f17b063572d8

PODFILE CHECKSUM: 4adede61e6ff10c2cae7e85e0f5aa650938219d2

COCOAPODS: 1.6.1
